
Microsoft Visual Studio Solution File, Format Version 12.00
# Visual Studio Version 17
VisualStudioVersion = 17.9.34607.119
MinimumVisualStudioVersion = 10.0.40219.1
Project("{2150E333-8FDC-42A3-9474-1A3956D46DE8}") = "dependencies", "dependencies", "{B19DA0C3-AB53-4D51-8B40-D4DC155FD998}"
EndProject
Project("{9A19103F-16F7-4668-BE54-9A1E7A4F7556}") = "PanelController", "..\PanelController\PanelController\PanelController.csproj", "{B4304A41-CBC9-409F-9007-E88A76B6E38C}"
EndProject
Project("{FAE04EC0-301F-11D3-BF4B-00C04F79EFBC}") = "NStreamCom", "..\PanelController\dependencies\NStreamCom\src\C#\NStreamCom\NStreamCom.csproj", "{D2A91EBA-80A4-4EF0-9A94-74ED70107B06}"
EndProject
Global
	GlobalSection(SolutionConfigurationPlatforms) = preSolution
		Debug|Any CPU = Debug|Any CPU
		Release|Any CPU = Release|Any CPU
	EndGlobalSection
	GlobalSection(ProjectConfigurationPlatforms) = postSolution
		{B4304A41-CBC9-409F-9007-E88A76B6E38C}.Debug|Any CPU.ActiveCfg = Debug|Any CPU
		{B4304A41-CBC9-409F-9007-E88A76B6E38C}.Debug|Any CPU.Build.0 = Debug|Any CPU
		{B4304A41-CBC9-409F-9007-E88A76B6E38C}.Release|Any CPU.ActiveCfg = Release|Any CPU
		{B4304A41-CBC9-409F-9007-E88A76B6E38C}.Release|Any CPU.Build.0 = Release|Any CPU
		{D2A91EBA-80A4-4EF0-9A94-74ED70107B06}.Debug|Any CPU.ActiveCfg = Debug|Any CPU
		{D2A91EBA-80A4-4EF0-9A94-74ED70107B06}.Debug|Any CPU.Build.0 = Debug|Any CPU
		{D2A91EBA-80A4-4EF0-9A94-74ED70107B06}.Release|Any CPU.ActiveCfg = Release|Any CPU
		{D2A91EBA-80A4-4EF0-9A94-74ED70107B06}.Release|Any CPU.Build.0 = Release|Any CPU
	EndGlobalSection
	GlobalSection(SolutionProperties) = preSolution
		HideSolutionNode = FALSE
	EndGlobalSection
	GlobalSection(NestedProjects) = preSolution
		{B4304A41-CBC9-409F-9007-E88A76B6E38C} = {B19DA0C3-AB53-4D51-8B40-D4DC155FD998}
		{D2A91EBA-80A4-4EF0-9A94-74ED70107B06} = {B19DA0C3-AB53-4D51-8B40-D4DC155FD998}
	EndGlobalSection
	GlobalSection(ExtensibilityGlobals) = postSolution
		SolutionGuid = {368139C5-1E14-40A0-8D56-CD24A99CBA2B}
	EndGlobalSection
EndGlobal
